
Microsoft Visual Studio Solution File, Format Version 12.00
# Visual Studio 15
VisualStudioVersion = 15.0.28307.779
MinimumVisualStudioVersion = 10.0.40219.1
Project("{2150E333-8FDC-42A3-9474-1A3956D46DE8}") = "src", "src", "{01B3759B-FA05-4356-B8A4-88A94ABDFDFB}"
EndProject
Project("{2150E333-8FDC-42A3-9474-1A3956D46DE8}") = ".global", ".global", "{350A0C63-B3CE-4BF7-82CD-EECC89C7F63C}"
	ProjectSection(SolutionItems) = preProject
		appveyor.yml = appveyor.yml
		Build.ps1 = Build.ps1
		ReadMe.md = ReadMe.md
	EndProjectSection
EndProject
Project("{2150E333-8FDC-42A3-9474-1A3956D46DE8}") = "test", "test", "{296B3395-F271-445E-B2CD-185DDBD54BE0}"
EndProject
Project("{9A19103F-16F7-4668-BE54-9A1E7A4F7556}") = "Sino.Nacos.Naming", "src\Sino.Nacos.Naming\Sino.Nacos.Naming.csproj", "{74EA9C3E-9B06-4C42-98F9-8B17E9AEE8F1}"
EndProject
Project("{9A19103F-16F7-4668-BE54-9A1E7A4F7556}") = "NacosNamingUnitTest", "test\NacosNamingUnitTest\NacosNamingUnitTest.csproj", "{43361E6B-10B0-4DA0-AAC2-1B4815952E54}"
EndProject
Project("{9A19103F-16F7-4668-BE54-9A1E7A4F7556}") = "NacosNamingSample", "test\NacosNamingSample\NacosNamingSample.csproj", "{15153D47-7A1A-4852-9A17-468AFB618F93}"
EndProject
Project("{9A19103F-16F7-4668-BE54-9A1E7A4F7556}") = "Sino.Nacos.Config", "src\Sino.Nacos.Config\Sino.Nacos.Config.csproj", "{94FD9CD7-F220-4B53-A430-8CFBAE5F7735}"
EndProject
Project("{FAE04EC0-301F-11D3-BF4B-00C04F79EFBC}") = "NacosConfigUnitTest", "test\NacosConfigUnitTest\NacosConfigUnitTest.csproj", "{0053587B-CD95-4039-90B3-9B098F837E0B}"
EndProject
Global
	GlobalSection(SolutionConfigurationPlatforms) = preSolution
		Debug|Any CPU = Debug|Any CPU
		Release|Any CPU = Release|Any CPU
	EndGlobalSection
	GlobalSection(ProjectConfigurationPlatforms) = postSolution
		{74EA9C3E-9B06-4C42-98F9-8B17E9AEE8F1}.Debug|Any CPU.ActiveCfg = Debug|Any CPU
		{74EA9C3E-9B06-4C42-98F9-8B17E9AEE8F1}.Debug|Any CPU.Build.0 = Debug|Any CPU
		{74EA9C3E-9B06-4C42-98F9-8B17E9AEE8F1}.Release|Any CPU.ActiveCfg = Release|Any CPU
		{74EA9C3E-9B06-4C42-98F9-8B17E9AEE8F1}.Release|Any CPU.Build.0 = Release|Any CPU
		{43361E6B-10B0-4DA0-AAC2-1B4815952E54}.Debug|Any CPU.ActiveCfg = Debug|Any CPU
		{43361E6B-10B0-4DA0-AAC2-1B4815952E54}.Debug|Any CPU.Build.0 = Debug|Any CPU
		{43361E6B-10B0-4DA0-AAC2-1B4815952E54}.Release|Any CPU.ActiveCfg = Release|Any CPU
		{43361E6B-10B0-4DA0-AAC2-1B4815952E54}.Release|Any CPU.Build.0 = Release|Any CPU
		{15153D47-7A1A-4852-9A17-468AFB618F93}.Debug|Any CPU.ActiveCfg = Debug|Any CPU
		{15153D47-7A1A-4852-9A17-468AFB618F93}.Debug|Any CPU.Build.0 = Debug|Any CPU
		{15153D47-7A1A-4852-9A17-468AFB618F93}.Release|Any CPU.ActiveCfg = Release|Any CPU
		{15153D47-7A1A-4852-9A17-468AFB618F93}.Release|Any CPU.Build.0 = Release|Any CPU
		{94FD9CD7-F220-4B53-A430-8CFBAE5F7735}.Debug|Any CPU.ActiveCfg = Debug|Any CPU
		{94FD9CD7-F220-4B53-A430-8CFBAE5F7735}.Debug|Any CPU.Build.0 = Debug|Any CPU
		{94FD9CD7-F220-4B53-A430-8CFBAE5F7735}.Release|Any CPU.ActiveCfg = Release|Any CPU
		{94FD9CD7-F220-4B53-A430-8CFBAE5F7735}.Release|Any CPU.Build.0 = Release|Any CPU
		{0053587B-CD95-4039-90B3-9B098F837E0B}.Debug|Any CPU.ActiveCfg = Debug|Any CPU
		{0053587B-CD95-4039-90B3-9B098F837E0B}.Debug|Any CPU.Build.0 = Debug|Any CPU
		{0053587B-CD95-4039-90B3-9B098F837E0B}.Release|Any CPU.ActiveCfg = Release|Any CPU
		{0053587B-CD95-4039-90B3-9B098F837E0B}.Release|Any CPU.Build.0 = Release|Any CPU
	EndGlobalSection
	GlobalSection(SolutionProperties) = preSolution
		HideSolutionNode = FALSE
	EndGlobalSection
	GlobalSection(NestedProjects) = preSolution
		{74EA9C3E-9B06-4C42-98F9-8B17E9AEE8F1} = {01B3759B-FA05-4356-B8A4-88A94ABDFDFB}
		{43361E6B-10B0-4DA0-AAC2-1B4815952E54} = {296B3395-F271-445E-B2CD-185DDBD54BE0}
		{15153D47-7A1A-4852-9A17-468AFB618F93} = {296B3395-F271-445E-B2CD-185DDBD54BE0}
		{94FD9CD7-F220-4B53-A430-8CFBAE5F7735} = {01B3759B-FA05-4356-B8A4-88A94ABDFDFB}
		{0053587B-CD95-4039-90B3-9B098F837E0B} = {296B3395-F271-445E-B2CD-185DDBD54BE0}
	EndGlobalSection
	GlobalSection(ExtensibilityGlobals) = postSolution
		SolutionGuid = {8C178F4C-FD35-41B6-899B-A6BB84B46B13}
	EndGlobalSection
EndGlobal
